{
  "nodes": {
    "mypackage_B": {
      "inputs": {
        "nixpkgs": "nixpkgs"
      },
      "locked": {
        "dir": "A/B",
        "lastModified": 1730047401,
        "narHash": "sha256-U2XrrcDb3eSkhxExZr+4cfsUFoxFe6O+lbY1xDdyKkk=",
        "ref": "master",
        "rev": "e379f705c566cea8860b3b1ab885c910c7c2fd32",
        "revCount": 9,
        "type": "git",
        "url": "ssh://git@github.com/mmaeusezahl/nix-flake-dummy.git?dir=A/B"
      },
      "original": {
        "dir": "A/B",
        "ref": "master",
        "type": "git",
        "url": "ssh://git@github.com/mmaeusezahl/nix-flake-dummy.git?dir=A/B"
      }
    },
    "nixpkgs": {
      "locked": {
        "lastModified": 1729880355,
        "narHash": "sha256-RP+OQ6koQQLX5nw0NmcDrzvGL8HDLnyXt/jHhL1jwjM=",
        "owner": "NixOS",
        "repo": "nixpkgs",
        "rev": "18536bf04cd71abd345f9579158841376fdd0c5a",
        "type": "github"
      },
      "original": {
        "owner": "NixOS",
        "ref": "nixos-unstable",
        "repo": "nixpkgs",
        "type": "github"
      }
    },
    "root": {
      "inputs": {
        "mypackage_B": "mypackage_B"
      }
    }
  },
  "root": "root",
  "version": 7
}
