{
  "nodes": {
    "mypackage": {
      "inputs": {
        "nixpkgs": "nixpkgs"
      },
      "locked": {
        "dir": "A/B",
        "lastModified": 1730044766,
        "narHash": "sha256-bpiatmJX8CT3zFeVVHu1XYI24r6eVEka/TbFuJv0qBI=",
        "ref": "refs/heads/master",
        "rev": "7260689f3e27a15ac02c9272ef12f9f8512e04be",
        "revCount": 5,
        "type": "git",
        "url": "ssh://git@github.com/mmaeusezahl/nix-flake-dummy.git?dir=A/B"
      },
      "original": {
        "dir": "A/B",
        "type": "git",
        "url": "ssh://git@github.com/mmaeusezahl/nix-flake-dummy.git?dir=A/B"
      }
    },
    "nixpkgs": {
      "locked": {
        "lastModified": 1729880355,
        "narHash": "sha256-RP+OQ6koQQLX5nw0NmcDrzvGL8HDLnyXt/jHhL1jwjM=",
        "owner": "NixOS",
        "repo": "nixpkgs",
        "rev": "18536bf04cd71abd345f9579158841376fdd0c5a",
        "type": "github"
      },
      "original": {
        "owner": "NixOS",
        "ref": "nixos-unstable",
        "repo": "nixpkgs",
        "type": "github"
      }
    },
    "root": {
      "inputs": {
        "mypackage": "mypackage"
      }
    }
  },
  "root": "root",
  "version": 7
}
