{
  "nodes": {
    "mypackage": {
      "inputs": {
        "nixpkgs": "nixpkgs"
      },
      "locked": {
        "dir": "A/B",
        "lastModified": 1730045049,
        "narHash": "sha256-wk6JH7D5uM2K4DJA4O7Wcsz0Qc3AbnED+wgZqMKNL9I=",
        "ref": "master",
        "rev": "3d0166f34a0fef7a585c76ad794cba93e0c69ec3",
        "revCount": 6,
        "type": "git",
        "url": "ssh://git@github.com/mmaeusezahl/nix-flake-dummy.git?dir=A/B"
      },
      "original": {
        "dir": "A/B",
        "ref": "master",
        "type": "git",
        "url": "ssh://git@github.com/mmaeusezahl/nix-flake-dummy.git?dir=A/B"
      }
    },
    "nixpkgs": {
      "locked": {
        "lastModified": 1729880355,
        "narHash": "sha256-RP+OQ6koQQLX5nw0NmcDrzvGL8HDLnyXt/jHhL1jwjM=",
        "owner": "NixOS",
        "repo": "nixpkgs",
        "rev": "18536bf04cd71abd345f9579158841376fdd0c5a",
        "type": "github"
      },
      "original": {
        "owner": "NixOS",
        "ref": "nixos-unstable",
        "repo": "nixpkgs",
        "type": "github"
      }
    },
    "root": {
      "inputs": {
        "mypackage": "mypackage"
      }
    }
  },
  "root": "root",
  "version": 7
}
